// !$*UTF8*$!
{
	archiveVersion = 1;
	classes = {
	};
	objectVersion = 77;
	objects = {

/* Begin PBXContainerItemProxy section */
		5C700B0B2E0833C400FEE3B5 /* PBXContainerItemProxy */ = {
			isa = PBXContainerItemProxy;
			containerPortal = 5C700AF42E0833C200FEE3B5 /* Project object */;
			proxyType = 1;
			remoteGlobalIDString = 5C700AFB2E0833C200FEE3B5;
			remoteInfo = APNG;
		};
		5C700B152E0833C400FEE3B5 /* PBXContainerItemProxy */ = {
			isa = PBXContainerItemProxy;
			containerPortal = 5C700AF42E0833C200FEE3B5 /* Project object */;
			proxyType = 1;
			remoteGlobalIDString = 5C700AFB2E0833C200FEE3B5;
			remoteInfo = APNG;
		};
/* End PBXContainerItemProxy section */

/* Begin PBXFileReference section */
		5C700AFC2E0833C200FEE3B5 /* APNG.app */ = {isa = PBXFileReference; explicitFileType = wrapper.application; includeInIndex = 0; path = APNG.app; sourceTree = BUILT_PRODUCTS_DIR; };
		5C700B0A2E0833C400FEE3B5 /* APNGTests.xctest */ = {isa = PBXFileReference; explicitFileType = wrapper.cfbundle; includeInIndex = 0; path = APNGTests.xctest; sourceTree = BUILT_PRODUCTS_DIR; };
		5C700B142E0833C400FEE3B5 /* APNGUITests.xctest */ = {isa = PBXFileReference; explicitFileType = wrapper.cfbundle; includeInIndex = 0; path = APNGUITests.xctest; sourceTree = BUILT_PRODUCTS_DIR; };
/* End PBXFileReference section */

/* Begin PBXFileSystemSynchronizedRootGroup section */
		5C700AFE2E0833C200FEE3B5 /* APNG */ = {
			isa = PBXFileSystemSynchronizedRootGroup;
			path = APNG;
			sourceTree = "<group>";
		};
		5C700B0D2E0833C400FEE3B5 /* APNGTests */ = {
			isa = PBXFileSystemSynchronizedRootGroup;
			path = APNGTests;
			sourceTree = "<group>";
		};
		5C700B172E0833C400FEE3B5 /* APNGUITests */ = {
			isa = PBXFileSystemSynchronizedRootGroup;
			path = APNGUITests;
			sourceTree = "<group>";
		};
/* End PBXFileSystemSynchronizedRootGroup section */

/* Begin PBXFrameworksBuildPhase section */
		5C700AF92E0833C200FEE3B5 /* Frameworks */ = {
			isa = PBXFrameworksBuildPhase;
			buildActionMask = 2147483647;
			files = (
			);
			runOnlyForDeploymentPostprocessing = 0;
		};
		5C700B072E0833C400FEE3B5 /* Frameworks */ = {
			isa = PBXFrameworksBuildPhase;
			buildActionMask = 2147483647;
			files = (
			);
			runOnlyForDeploymentPostprocessing = 0;
		};
		5C700B112E0833C400FEE3B5 /* Frameworks */ = {
			isa = PBXFrameworksBuildPhase;
			buildActionMask = 2147483647;
			files = (
			);
			runOnlyForDeploymentPostprocessing = 0;
		};
/* End PBXFrameworksBuildPhase section */

/* Begin PBXGroup section */
		5C700AF32E0833C200FEE3B5 = {
			isa = PBXGroup;
			children = (
				5C700AFE2E0833C200FEE3B5 /* APNG */,
				5C700B0D2E0833C400FEE3B5 /* APNGTests */,
				5C700B172E0833C400FEE3B5 /* APNGUITests */,
				5C700AFD2E0833C200FEE3B5 /* Products */,
			);
			sourceTree = "<group>";
		};
		5C700AFD2E0833C200FEE3B5 /* Products */ = {
			isa = PBXGroup;
			children = (
				5C700AFC2E0833C200FEE3B5 /* APNG.app */,
				5C700B0A2E0833C400FEE3B5 /* APNGTests.xctest */,
				5C700B142E0833C400FEE3B5 /* APNGUITests.xctest */,
			);
			name = Products;
			sourceTree = "<group>";
		};
/* End PBXGroup section */

/* Begin PBXNativeTarget section */
		5C700AFB2E0833C200FEE3B5 /* APNG */ = {
			isa = PBXNativeTarget;
			buildConfigurationList = 5C700B1E2E0833C400FEE3B5 /* Build configuration list for PBXNativeTarget "APNG" */;
			buildPhases = (
				5C700AF82E0833C200FEE3B5 /* Sources */,
				5C700AF92E0833C200FEE3B5 /* Frameworks */,
				5C700AFA2E0833C200FEE3B5 /* Resources */,
			);
			buildRules = (
			);
			dependencies = (
			);
			fileSystemSynchronizedGroups = (
				5C700AFE2E0833C200FEE3B5 /* APNG */,
			);
			name = APNG;
			packageProductDependencies = (
			);
			productName = APNG;
			productReference = 5C700AFC2E0833C200FEE3B5 /* APNG.app */;
			productType = "com.apple.product-type.application";
		};
		5C700B092E0833C400FEE3B5 /* APNGTests */ = {
			isa = PBXNativeTarget;
			buildConfigurationList = 5C700B212E0833C400FEE3B5 /* Build configuration list for PBXNativeTarget "APNGTests" */;
			buildPhases = (
				5C700B062E0833C400FEE3B5 /* Sources */,
				5C700B072E0833C400FEE3B5 /* Frameworks */,
				5C700B082E0833C400FEE3B5 /* Resources */,
			);
			buildRules = (
			);
			dependencies = (
				5C700B0C2E0833C400FEE3B5 /* PBXTargetDependency */,
			);
			fileSystemSynchronizedGroups = (
				5C700B0D2E0833C400FEE3B5 /* APNGTests */,
			);
			name = APNGTests;
			packageProductDependencies = (
			);
			productName = APNGTests;
			productReference = 5C700B0A2E0833C400FEE3B5 /* APNGTests.xctest */;
			productType = "com.apple.product-type.bundle.unit-test";
		};
		5C700B132E0833C400FEE3B5 /* APNGUITests */ = {
			isa = PBXNativeTarget;
			buildConfigurationList = 5C700B242E0833C400FEE3B5 /* Build configuration list for PBXNativeTarget "APNGUITests" */;
			buildPhases = (
				5C700B102E0833C400FEE3B5 /* Sources */,
				5C700B112E0833C400FEE3B5 /* Frameworks */,
				5C700B122E0833C400FEE3B5 /* Resources */,
			);
			buildRules = (
			);
			dependencies = (
				5C700B162E0833C400FEE3B5 /* PBXTargetDependency */,
			);
			fileSystemSynchronizedGroups = (
				5C700B172E0833C400FEE3B5 /* APNGUITests */,
			);
			name = APNGUITests;
			packageProductDependencies = (
			);
			productName = APNGUITests;
			productReference = 5C700B142E0833C400FEE3B5 /* APNGUITests.xctest */;
			productType = "com.apple.product-type.bundle.ui-testing";
		};
/* End PBXNativeTarget section */

/* Begin PBXProject section */
		5C700AF42E0833C200FEE3B5 /* Project object */ = {
			isa = PBXProject;
			attributes = {
				BuildIndependentTargetsInParallel = 1;
				LastSwiftUpdateCheck = 1640;
				LastUpgradeCheck = 1640;
				TargetAttributes = {
					5C700AFB2E0833C200FEE3B5 = {
						CreatedOnToolsVersion = 16.4;
					};
					5C700B092E0833C400FEE3B5 = {
						CreatedOnToolsVersion = 16.4;
						TestTargetID = 5C700AFB2E0833C200FEE3B5;
					};
					5C700B132E0833C400FEE3B5 = {
						CreatedOnToolsVersion = 16.4;
						TestTargetID = 5C700AFB2E0833C200FEE3B5;
					};
				};
			};
			buildConfigurationList = 5C700AF72E0833C200FEE3B5 /* Build configuration list for PBXProject "APNG" */;
			developmentRegion = en;
			hasScannedForEncodings = 0;
			knownRegions = (
				en,
				Base,
			);
			mainGroup = 5C700AF32E0833C200FEE3B5;
			minimizedProjectReferenceProxies = 1;
			preferredProjectObjectVersion = 77;
			productRefGroup = 5C700AFD2E0833C200FEE3B5 /* Products */;
			projectDirPath = "";
			projectRoot = "";
			targets = (
				5C700AFB2E0833C200FEE3B5 /* APNG */,
				5C700B092E0833C400FEE3B5 /* APNGTests */,
				5C700B132E0833C400FEE3B5 /* APNGUITests */,
			);
		};
/* End PBXProject section */

/* Begin PBXResourcesBuildPhase section */
		5C700AFA2E0833C200FEE3B5 /* Resources */ = {
			isa = PBXResourcesBuildPhase;
			buildActionMask = 2147483647;
			files = (
			);
			runOnlyForDeploymentPostprocessing = 0;
		};
		5C700B082E0833C400FEE3B5 /* Resources */ = {
			isa = PBXResourcesBuildPhase;
			buildActionMask = 2147483647;
			files = (
			);
			runOnlyForDeploymentPostprocessing = 0;
		};
		5C700B122E0833C400FEE3B5 /* Resources */ = {
			isa = PBXResourcesBuildPhase;
			buildActionMask = 2147483647;
			files = (
			);
			runOnlyForDeploymentPostprocessing = 0;
		};
/* End PBXResourcesBuildPhase section */

/* Begin PBXSourcesBuildPhase section */
		5C700AF82E0833C200FEE3B5 /* Sources */ = {
			isa = PBXSourcesBuildPhase;
			buildActionMask = 2147483647;
			files = (
			);
			runOnlyForDeploymentPostprocessing = 0;
		};
		5C700B062E0833C400FEE3B5 /* Sources */ = {
			isa = PBXSourcesBuildPhase;
			buildActionMask = 2147483647;
			files = (
			);
			runOnlyForDeploymentPostprocessing = 0;
		};
		5C700B102E0833C400FEE3B5 /* Sources */ = {
			isa = PBXSourcesBuildPhase;
			buildActionMask = 2147483647;
			files = (
			);
			runOnlyForDeploymentPostprocessing = 0;
		};
/* End PBXSourcesBuildPhase section */

/* Begin PBXTargetDependency section */
		5C700B0C2E0833C400FEE3B5 /* PBXTargetDependency */ = {
			isa = PBXTargetDependency;
			target = 5C700AFB2E0833C200FEE3B5 /* APNG */;
			targetProxy = 5C700B0B2E0833C400FEE3B5 /* PBXContainerItemProxy */;
		};
		5C700B162E0833C400FEE3B5 /* PBXTargetDependency */ = {
			isa = PBXTargetDependency;
			target = 5C700AFB2E0833C200FEE3B5 /* APNG */;
			targetProxy = 5C700B152E0833C400FEE3B5 /* PBXContainerItemProxy */;
		};
/* End PBXTargetDependency section */

/* Begin XCBuildConfiguration section */
		5C700B1C2E0833C400FEE3B5 /* Debug */ = {
			isa = XCBuildConfiguration;
			buildSettings = {
				ALWAYS_SEARCH_USER_PATHS = NO;
				ASSETCATALOG_COMPILER_GENERATE_SWIFT_ASSET_SYMBOL_EXTENSIONS = YES;
				CLANG_ANALYZER_NONNULL = YES;
				CLANG_ANALYZER_NUMBER_OBJECT_CONVERSION = YES_AGGRESSIVE;
				CLANG_CXX_LANGUAGE_STANDARD = "gnu++20";
				CLANG_ENABLE_MODULES = YES;
				CLANG_ENABLE_OBJC_ARC = YES;
				CLANG_ENABLE_OBJC_WEAK = YES;
				CLANG_WARN_BLOCK_CAPTURE_AUTORELEASING = YES;
				CLANG_WARN_BOOL_CONVERSION = YES;
				CLANG_WARN_COMMA = YES;
				CLANG_WARN_CONSTANT_CONVERSION = YES;
				CLANG_WARN_DEPRECATED_OBJC_IMPLEMENTATIONS = YES;
				CLANG_WARN_DIRECT_OBJC_ISA_USAGE = YES_ERROR;
				CLANG_WARN_DOCUMENTATION_COMMENTS = YES;
				CLANG_WARN_EMPTY_BODY = YES;
				CLANG_WARN_ENUM_CONVERSION = YES;
				CLANG_WARN_INFINITE_RECURSION = YES;
				CLANG_WARN_INT_CONVERSION = YES;
				CLANG_WARN_NON_LITERAL_NULL_CONVERSION = YES;
				CLANG_WARN_OBJC_IMPLICIT_RETAIN_SELF = YES;
				CLANG_WARN_OBJC_LITERAL_CONVERSION = YES;
				CLANG_WARN_OBJC_ROOT_CLASS = YES_ERROR;
				CLANG_WARN_QUOTED_INCLUDE_IN_FRAMEWORK_HEADER = YES;
				CLANG_WARN_RANGE_LOOP_ANALYSIS = YES;
				CLANG_WARN_STRICT_PROTOTYPES = YES;
				CLANG_WARN_SUSPICIOUS_MOVE = YES;
				CLANG_WARN_UNGUARDED_AVAILABILITY = YES_AGGRESSIVE;
				CLANG_WARN_UNREACHABLE_CODE = YES;
				CLANG_WARN__DUPLICATE_METHOD_MATCH = YES;
				COPY_PHASE_STRIP = NO;
				DEBUG_INFORMATION_FORMAT = dwarf;
				DEVELOPMENT_TEAM = 4L3563XCBN;
				ENABLE_STRICT_OBJC_MSGSEND = YES;
				ENABLE_TESTABILITY = YES;
				ENABLE_USER_SCRIPT_SANDBOXING = YES;
				GCC_C_LANGUAGE_STANDARD = gnu17;
				GCC_DYNAMIC_NO_PIC = NO;
				GCC_NO_COMMON_BLOCKS = YES;
				GCC_OPTIMIZATION_LEVEL = 0;
				GCC_PREPROCESSOR_DEFINITIONS = (
					"DEBUG=1",
					"$(inherited)",
				);
				GCC_WARN_64_TO_32_BIT_CONVERSION = YES;
				GCC_WARN_ABOUT_RETURN_TYPE = YES_ERROR;
				GCC_WARN_UNDECLARED_SELECTOR = YES;
				GCC_WARN_UNINITIALIZED_AUTOS = YES_AGGRESSIVE;
				GCC_WARN_UNUSED_FUNCTION = YES;
				GCC_WARN_UNUSED_VARIABLE = YES;
				LOCALIZATION_PREFERS_STRING_CATALOGS = YES;
				MACOSX_DEPLOYMENT_TARGET = 15.5;
				MTL_ENABLE_DEBUG_INFO = INCLUDE_SOURCE;
				MTL_FAST_MATH = YES;
				ONLY_ACTIVE_ARCH = YES;
				SDKROOT = macosx;
				SWIFT_ACTIVE_COMPILATION_CONDITIONS = "DEBUG $(inherited)";
				SWIFT_OPTIMIZATION_LEVEL = "-Onone";
			};
			name = Debug;
		};
		5C700B1D2E0833C400FEE3B5 /* Release */ = {
			isa = XCBuildConfiguration;
			buildSettings = {
				ALWAYS_SEARCH_USER_PATHS = NO;
				ASSETCATALOG_COMPILER_GENERATE_SWIFT_ASSET_SYMBOL_EXTENSIONS = YES;
				CLANG_ANALYZER_NONNULL = YES;
				CLANG_ANALYZER_NUMBER_OBJECT_CONVERSION = YES_AGGRESSIVE;
				CLANG_CXX_LANGUAGE_STANDARD = "gnu++20";
				CLANG_ENABLE_MODULES = YES;
				CLANG_ENABLE_OBJC_ARC = YES;
				CLANG_ENABLE_OBJC_WEAK = YES;
				CLANG_WARN_BLOCK_CAPTURE_AUTORELEASING = YES;
				CLANG_WARN_BOOL_CONVERSION = YES;
				CLANG_WARN_COMMA = YES;
				CLANG_WARN_CONSTANT_CONVERSION = YES;
				CLANG_WARN_DEPRECATED_OBJC_IMPLEMENTATIONS = YES;
				CLANG_WARN_DIRECT_OBJC_ISA_USAGE = YES_ERROR;
				CLANG_WARN_DOCUMENTATION_COMMENTS = YES;
				CLANG_WARN_EMPTY_BODY = YES;
				CLANG_WARN_ENUM_CONVERSION = YES;
				CLANG_WARN_INFINITE_RECURSION = YES;
				CLANG_WARN_INT_CONVERSION = YES;
				CLANG_WARN_NON_LITERAL_NULL_CONVERSION = YES;
				CLANG_WARN_OBJC_IMPLICIT_RETAIN_SELF = YES;
				CLANG_WARN_OBJC_LITERAL_CONVERSION = YES;
				CLANG_WARN_OBJC_ROOT_CLASS = YES_ERROR;
				CLANG_WARN_QUOTED_INCLUDE_IN_FRAMEWORK_HEADER = YES;
				CLANG_WARN_RANGE_LOOP_ANALYSIS = YES;
				CLANG_WARN_STRICT_PROTOTYPES = YES;
				CLANG_WARN_SUSPICIOUS_MOVE = YES;
				CLANG_WARN_UNGUARDED_AVAILABILITY = YES_AGGRESSIVE;
				CLANG_WARN_UNREACHABLE_CODE = YES;
				CLANG_WARN__DUPLICATE_METHOD_MATCH = YES;
				COPY_PHASE_STRIP = NO;
				DEBUG_INFORMATION_FORMAT = "dwarf-with-dsym";
				DEVELOPMENT_TEAM = 4L3563XCBN;
				ENABLE_NS_ASSERTIONS = NO;
				ENABLE_STRICT_OBJC_MSGSEND = YES;
				ENABLE_USER_SCRIPT_SANDBOXING = YES;
				GCC_C_LANGUAGE_STANDARD = gnu17;
				GCC_NO_COMMON_BLOCKS = YES;
				GCC_WARN_64_TO_32_BIT_CONVERSION = YES;
				GCC_WARN_ABOUT_RETURN_TYPE = YES_ERROR;
				GCC_WARN_UNDECLARED_SELECTOR = YES;
				GCC_WARN_UNINITIALIZED_AUTOS = YES_AGGRESSIVE;
				GCC_WARN_UNUSED_FUNCTION = YES;
				GCC_WARN_UNUSED_VARIABLE = YES;
				LOCALIZATION_PREFERS_STRING_CATALOGS = YES;
				MACOSX_DEPLOYMENT_TARGET = 15.5;
				MTL_ENABLE_DEBUG_INFO = NO;
				MTL_FAST_MATH = YES;
				SDKROOT = macosx;
				SWIFT_COMPILATION_MODE = wholemodule;
			};
			name = Release;
		};
		5C700B1F2E0833C400FEE3B5 /* Debug */ = {
			isa = XCBuildConfiguration;
			buildSettings = {
				ASSETCATALOG_COMPILER_APPICON_NAME = AppIcon;
				ASSETCATALOG_COMPILER_GLOBAL_ACCENT_COLOR_NAME = AccentColor;
				CODE_SIGN_ENTITLEMENTS = APNG/APNG.entitlements;
				CODE_SIGN_STYLE = Automatic;
				COMBINE_HIDPI_IMAGES = YES;
				CURRENT_PROJECT_VERSION = 1;
				DEVELOPMENT_TEAM = 4L3563XCBN;
				ENABLE_HARDENED_RUNTIME = YES;
				ENABLE_PREVIEWS = YES;
				GENERATE_INFOPLIST_FILE = YES;
				INFOPLIST_KEY_NSHumanReadableCopyright = "";
				LD_RUNPATH_SEARCH_PATHS = (
					"$(inherited)",
					"@executable_path/../Frameworks",
				);
				MARKETING_VERSION = 1.0;
				PRODUCT_BUNDLE_IDENTIFIER = cn.wflixu.APNG;
				PRODUCT_NAME = "$(TARGET_NAME)";
				REGISTER_APP_GROUPS = YES;
				SWIFT_EMIT_LOC_STRINGS = YES;
				SWIFT_VERSION = 5.0;
			};
			name = Debug;
		};
		5C700B202E0833C400FEE3B5 /* Release */ = {
			isa = XCBuildConfiguration;
			buildSettings = {
				ASSETCATALOG_COMPILER_APPICON_NAME = AppIcon;
				ASSETCATALOG_COMPILER_GLOBAL_ACCENT_COLOR_NAME = AccentColor;
				CODE_SIGN_ENTITLEMENTS = APNG/APNG.entitlements;
				CODE_SIGN_STYLE = Automatic;
				COMBINE_HIDPI_IMAGES = YES;
				CURRENT_PROJECT_VERSION = 1;
				DEVELOPMENT_TEAM = 4L3563XCBN;
				ENABLE_HARDENED_RUNTIME = YES;
				ENABLE_PREVIEWS = YES;
				GENERATE_INFOPLIST_FILE = YES;
				INFOPLIST_KEY_NSHumanReadableCopyright = "";
				LD_RUNPATH_SEARCH_PATHS = (
					"$(inherited)",
					"@executable_path/../Frameworks",
				);
				MARKETING_VERSION = 1.0;
				PRODUCT_BUNDLE_IDENTIFIER = cn.wflixu.APNG;
				PRODUCT_NAME = "$(TARGET_NAME)";
				REGISTER_APP_GROUPS = YES;
				SWIFT_EMIT_LOC_STRINGS = YES;
				SWIFT_VERSION = 5.0;
			};
			name = Release;
		};
		5C700B222E0833C400FEE3B5 /* Debug */ = {
			isa = XCBuildConfiguration;
			buildSettings = {
				BUNDLE_LOADER = "$(TEST_HOST)";
				CODE_SIGN_STYLE = Automatic;
				CURRENT_PROJECT_VERSION = 1;
				DEVELOPMENT_TEAM = 4L3563XCBN;
				GENERATE_INFOPLIST_FILE = YES;
				MACOSX_DEPLOYMENT_TARGET = 15.5;
				MARKETING_VERSION = 1.0;
				PRODUCT_BUNDLE_IDENTIFIER = cn.wflixu.APNGTests;
				PRODUCT_NAME = "$(TARGET_NAME)";
				SWIFT_EMIT_LOC_STRINGS = NO;
				SWIFT_VERSION = 5.0;
				TEST_HOST = "$(BUILT_PRODUCTS_DIR)/APNG.app/$(BUNDLE_EXECUTABLE_FOLDER_PATH)/APNG";
			};
			name = Debug;
		};
		5C700B232E0833C400FEE3B5 /* Release */ = {
			isa = XCBuildConfiguration;
			buildSettings = {
				BUNDLE_LOADER = "$(TEST_HOST)";
				CODE_SIGN_STYLE = Automatic;
				CURRENT_PROJECT_VERSION = 1;
				DEVELOPMENT_TEAM = 4L3563XCBN;
				GENERATE_INFOPLIST_FILE = YES;
				MACOSX_DEPLOYMENT_TARGET = 15.5;
				MARKETING_VERSION = 1.0;
				PRODUCT_BUNDLE_IDENTIFIER = cn.wflixu.APNGTests;
				PRODUCT_NAME = "$(TARGET_NAME)";
				SWIFT_EMIT_LOC_STRINGS = NO;
				SWIFT_VERSION = 5.0;
				TEST_HOST = "$(BUILT_PRODUCTS_DIR)/APNG.app/$(BUNDLE_EXECUTABLE_FOLDER_PATH)/APNG";
			};
			name = Release;
		};
		5C700B252E0833C400FEE3B5 /* Debug */ = {
			isa = XCBuildConfiguration;
			buildSettings = {
				CODE_SIGN_STYLE = Automatic;
				CURRENT_PROJECT_VERSION = 1;
				DEVELOPMENT_TEAM = 4L3563XCBN;
				GENERATE_INFOPLIST_FILE = YES;
				MARKETING_VERSION = 1.0;
				PRODUCT_BUNDLE_IDENTIFIER = cn.wflixu.APNGUITests;
				PRODUCT_NAME = "$(TARGET_NAME)";
				SWIFT_EMIT_LOC_STRINGS = NO;
				SWIFT_VERSION = 5.0;
				TEST_TARGET_NAME = APNG;
			};
			name = Debug;
		};
		5C700B262E0833C400FEE3B5 /* Release */ = {
			isa = XCBuildConfiguration;
			buildSettings = {
				CODE_SIGN_STYLE = Automatic;
				CURRENT_PROJECT_VERSION = 1;
				DEVELOPMENT_TEAM = 4L3563XCBN;
				GENERATE_INFOPLIST_FILE = YES;
				MARKETING_VERSION = 1.0;
				PRODUCT_BUNDLE_IDENTIFIER = cn.wflixu.APNGUITests;
				PRODUCT_NAME = "$(TARGET_NAME)";
				SWIFT_EMIT_LOC_STRINGS = NO;
				SWIFT_VERSION = 5.0;
				TEST_TARGET_NAME = APNG;
			};
			name = Release;
		};
/* End XCBuildConfiguration section */

/* Begin XCConfigurationList section */
		5C700AF72E0833C200FEE3B5 /* Build configuration list for PBXProject "APNG" */ = {
			isa = XCConfigurationList;
			buildConfigurations = (
				5C700B1C2E0833C400FEE3B5 /* Debug */,
				5C700B1D2E0833C400FEE3B5 /* Release */,
			);
			defaultConfigurationIsVisible = 0;
			defaultConfigurationName = Release;
		};
		5C700B1E2E0833C400FEE3B5 /* Build configuration list for PBXNativeTarget "APNG" */ = {
			isa = XCConfigurationList;
			buildConfigurations = (
				5C700B1F2E0833C400FEE3B5 /* Debug */,
				5C700B202E0833C400FEE3B5 /* Release */,
			);
			defaultConfigurationIsVisible = 0;
			defaultConfigurationName = Release;
		};
		5C700B212E0833C400FEE3B5 /* Build configuration list for PBXNativeTarget "APNGTests" */ = {
			isa = XCConfigurationList;
			buildConfigurations = (
				5C700B222E0833C400FEE3B5 /* Debug */,
				5C700B232E0833C400FEE3B5 /* Release */,
			);
			defaultConfigurationIsVisible = 0;
			defaultConfigurationName = Release;
		};
		5C700B242E0833C400FEE3B5 /* Build configuration list for PBXNativeTarget "APNGUITests" */ = {
			isa = XCConfigurationList;
			buildConfigurations = (
				5C700B252E0833C400FEE3B5 /* Debug */,
				5C700B262E0833C400FEE3B5 /* Release */,
			);
			defaultConfigurationIsVisible = 0;
			defaultConfigurationName = Release;
		};
/* End XCConfigurationList section */
	};
	rootObject = 5C700AF42E0833C200FEE3B5 /* Project object */;
}
